
Microsoft Visual Studio Solution File, Format Version 12.00
# Visual Studio Version 16
VisualStudioVersion = 16.0.31702.278
MinimumVisualStudioVersion = 10.0.40219.1
Project("{FAE04EC0-301F-11D3-BF4B-00C04F79EFBC}") = "christmasParty", "christmasParty.csproj", "{1507FC8F-9699-4558-BF50-EC8D51A9C521}"
EndProject
Global
	GlobalSection(SolutionConfigurationPlatforms) = preSolution
		Debug|Any CPU = Debug|Any CPU
		Release|Any CPU = Release|Any CPU
	EndGlobalSection
	GlobalSection(ProjectConfigurationPlatforms) = postSolution
		{1507FC8F-9699-4558-BF50-EC8D51A9C521}.Debug|Any CPU.ActiveCfg = Debug|Any CPU
		{1507FC8F-9699-4558-BF50-EC8D51A9C521}.Debug|Any CPU.Build.0 = Debug|Any CPU
		{1507FC8F-9699-4558-BF50-EC8D51A9C521}.Release|Any CPU.ActiveCfg = Release|Any CPU
		{1507FC8F-9699-4558-BF50-EC8D51A9C521}.Release|Any CPU.Build.0 = Release|Any CPU
	EndGlobalSection
	GlobalSection(SolutionProperties) = preSolution
		HideSolutionNode = FALSE
	EndGlobalSection
	GlobalSection(ExtensibilityGlobals) = postSolution
		SolutionGuid = {1868295B-B423-4F3C-8A81-30D112E99BA7}
	EndGlobalSection
EndGlobal
